// !$*UTF8*$!
{
	archiveVersion = 1;
	classes = {
	};
	objectVersion = 50;
	objects = {

/* Begin PBXBuildFile section */
		3A23DB952510F103006B75C3 /* Cartfile in Resources */ = {isa = PBXBuildFile; fileRef = 3A23DB942510F103006B75C3 /* Cartfile */; };
		3AC3000B2511FB2400FEBE7D /* GitHubResponse.swift in Sources */ = {isa = PBXBuildFile; fileRef = 3AC3000A2511FB2400FEBE7D /* GitHubResponse.swift */; };
		3AC3000E251213C300FEBE7D /* .swiftlint.yml in Resources */ = {isa = PBXBuildFile; fileRef = 3AC3000D251213C300FEBE7D /* .swiftlint.yml */; };
		A00BF3F5249D06B600E5B7A0 /* AppDelegate.swift in Sources */ = {isa = PBXBuildFile; fileRef = A00BF3F4249D06B600E5B7A0 /* AppDelegate.swift */; };
		A00BF3F7249D06B600E5B7A0 /* SceneDelegate.swift in Sources */ = {isa = PBXBuildFile; fileRef = A00BF3F6249D06B600E5B7A0 /* SceneDelegate.swift */; };
		A00BF3FC249D06B600E5B7A0 /* Main.storyboard in Resources */ = {isa = PBXBuildFile; fileRef = A00BF3FA249D06B600E5B7A0 /* Main.storyboard */; };
		A00BF3FE249D06BC00E5B7A0 /* Assets.xcassets in Resources */ = {isa = PBXBuildFile; fileRef = A00BF3FD249D06BC00E5B7A0 /* Assets.xcassets */; };
		A00BF401249D06BC00E5B7A0 /* LaunchScreen.storyboard in Resources */ = {isa = PBXBuildFile; fileRef = A00BF3FF249D06BC00E5B7A0 /* LaunchScreen.storyboard */; };
		A00BF411249D076400E5B7A0 /* RepositoryListViewController.swift in Sources */ = {isa = PBXBuildFile; fileRef = A00BF410249D076400E5B7A0 /* RepositoryListViewController.swift */; };
		A00BF414249D077900E5B7A0 /* RepositoryViewController.swift in Sources */ = {isa = PBXBuildFile; fileRef = A00BF413249D077900E5B7A0 /* RepositoryViewController.swift */; };
		A00BF416249D084800E5B7A0 /* RepositoryTableViewCell.swift in Sources */ = {isa = PBXBuildFile; fileRef = A00BF415249D084800E5B7A0 /* RepositoryTableViewCell.swift */; };
		A00BF41A249D08C900E5B7A0 /* .gitignore in Resources */ = {isa = PBXBuildFile; fileRef = A00BF419249D08C900E5B7A0 /* .gitignore */; };
		A00BF41C249D08EA00E5B7A0 /* README.md in Resources */ = {isa = PBXBuildFile; fileRef = A00BF41B249D08EA00E5B7A0 /* README.md */; };
		A00BF42D249D113C00E5B7A0 /* ServiceManager.swift in Sources */ = {isa = PBXBuildFile; fileRef = A00BF42C249D113C00E5B7A0 /* ServiceManager.swift */; };
		A00BF430249D122200E5B7A0 /* GitHubService.swift in Sources */ = {isa = PBXBuildFile; fileRef = A00BF42F249D122200E5B7A0 /* GitHubService.swift */; };
		A00BF432249D136000E5B7A0 /* Repository.swift in Sources */ = {isa = PBXBuildFile; fileRef = A00BF431249D136000E5B7A0 /* Repository.swift */; };
		A00BF436249D13BB00E5B7A0 /* Repository.swift in Sources */ = {isa = PBXBuildFile; fileRef = A00BF435249D13BB00E5B7A0 /* Repository.swift */; };
		A00BF438249E2C5700E5B7A0 /* AIHTTP.swift in Sources */ = {isa = PBXBuildFile; fileRef = A00BF437249E2C5700E5B7A0 /* AIHTTP.swift */; };
		A00BF43B249E2CFD00E5B7A0 /* AIHTTP.swift in Sources */ = {isa = PBXBuildFile; fileRef = A00BF43A249E2CFD00E5B7A0 /* AIHTTP.swift */; };
		A00BF43D249F5BFC00E5B7A0 /* Observable.swift in Sources */ = {isa = PBXBuildFile; fileRef = A00BF43C249F5BFC00E5B7A0 /* Observable.swift */; };
		A00BF43F249F5CB200E5B7A0 /* RepositoryCellViewModel.swift in Sources */ = {isa = PBXBuildFile; fileRef = A00BF43E249F5CB200E5B7A0 /* RepositoryCellViewModel.swift */; };
		A0F23DA1249F894400358E74 /* RepositoryPropertyView.swift in Sources */ = {isa = PBXBuildFile; fileRef = A0F23DA0249F894400358E74 /* RepositoryPropertyView.swift */; };
		A0F23DA3249F8A6D00358E74 /* RepositoryPropertyView.xib in Resources */ = {isa = PBXBuildFile; fileRef = A0F23DA2249F8A6D00358E74 /* RepositoryPropertyView.xib */; };
		A0F23DA5249F8E1300358E74 /* RepositoryPropertyViewModel.swift in Sources */ = {isa = PBXBuildFile; fileRef = A0F23DA4249F8E1300358E74 /* RepositoryPropertyViewModel.swift */; };
		A0F23DA8249F8E4200358E74 /* RepositoryCellViewModel.swift in Sources */ = {isa = PBXBuildFile; fileRef = A0F23DA7249F8E4200358E74 /* RepositoryCellViewModel.swift */; };
		A0F23DAA249F8E6C00358E74 /* RepositoryPropertyViewModel.swift in Sources */ = {isa = PBXBuildFile; fileRef = A0F23DA9249F8E6C00358E74 /* RepositoryPropertyViewModel.swift */; };
/* End PBXBuildFile section */

/* Begin PBXContainerItemProxy section */
		A00BF426249D092400E5B7A0 /* PBXContainerItemProxy */ = {
			isa = PBXContainerItemProxy;
			containerPortal = A00BF3E9249D06B600E5B7A0 /* Project object */;
			proxyType = 1;
			remoteGlobalIDString = A00BF3F0249D06B600E5B7A0;
			remoteInfo = "GitHub Client";
		};
/* End PBXContainerItemProxy section */

/* Begin PBXFileReference section */
		3A23DB942510F103006B75C3 /* Cartfile */ = {isa = PBXFileReference; fileEncoding = 4; lastKnownFileType = text; path = Cartfile; sourceTree = "<group>"; };
		3A23DB972510F15B006B75C3 /* SwiftyJSON.framework */ = {isa = PBXFileReference; lastKnownFileType = wrapper.framework; name = SwiftyJSON.framework; path = Carthage/Build/iOS/SwiftyJSON.framework; sourceTree = "<group>"; };
		3AC3000A2511FB2400FEBE7D /* GitHubResponse.swift */ = {isa = PBXFileReference; lastKnownFileType = sourcecode.swift; path = GitHubResponse.swift; sourceTree = "<group>"; };
		3AC3000D251213C300FEBE7D /* .swiftlint.yml */ = {isa = PBXFileReference; lastKnownFileType = text.yaml; path = .swiftlint.yml; sourceTree = "<group>"; };
		A00BF3F1249D06B600E5B7A0 /* GitHub Client.app */ = {isa = PBXFileReference; explicitFileType = wrapper.application; includeInIndex = 0; path = "GitHub Client.app"; sourceTree = BUILT_PRODUCTS_DIR; };
		A00BF3F4249D06B600E5B7A0 /* AppDelegate.swift */ = {isa = PBXFileReference; lastKnownFileType = sourcecode.swift; path = AppDelegate.swift; sourceTree = "<group>"; };
		A00BF3F6249D06B600E5B7A0 /* SceneDelegate.swift */ = {isa = PBXFileReference; lastKnownFileType = sourcecode.swift; path = SceneDelegate.swift; sourceTree = "<group>"; };
		A00BF3FB249D06B600E5B7A0 /* Base */ = {isa = PBXFileReference; lastKnownFileType = file.storyboard; name = Base; path = Base.lproj/Main.storyboard; sourceTree = "<group>"; };
		A00BF3FD249D06BC00E5B7A0 /* Assets.xcassets */ = {isa = PBXFileReference; lastKnownFileType = folder.assetcatalog; path = Assets.xcassets; sourceTree = "<group>"; };
		A00BF400249D06BC00E5B7A0 /* Base */ = {isa = PBXFileReference; lastKnownFileType = file.storyboard; name = Base; path = Base.lproj/LaunchScreen.storyboard; sourceTree = "<group>"; };
		A00BF402249D06BC00E5B7A0 /* Info.plist */ = {isa = PBXFileReference; lastKnownFileType = text.plist.xml; path = Info.plist; sourceTree = "<group>"; };
		A00BF410249D076400E5B7A0 /* RepositoryListViewController.swift */ = {isa = PBXFileReference; lastKnownFileType = sourcecode.swift; path = RepositoryListViewController.swift; sourceTree = "<group>"; };
		A00BF413249D077900E5B7A0 /* RepositoryViewController.swift */ = {isa = PBXFileReference; lastKnownFileType = sourcecode.swift; path = RepositoryViewController.swift; sourceTree = "<group>"; };
		A00BF415249D084800E5B7A0 /* RepositoryTableViewCell.swift */ = {isa = PBXFileReference; lastKnownFileType = sourcecode.swift; path = RepositoryTableViewCell.swift; sourceTree = "<group>"; };
		A00BF419249D08C900E5B7A0 /* .gitignore */ = {isa = PBXFileReference; lastKnownFileType = text; path = .gitignore; sourceTree = "<group>"; };
		A00BF41B249D08EA00E5B7A0 /* README.md */ = {isa = PBXFileReference; lastKnownFileType = net.daringfireball.markdown; path = README.md; sourceTree = "<group>"; };
		A00BF421249D092400E5B7A0 /* GitHub Client Tests.xctest */ = {isa = PBXFileReference; explicitFileType = wrapper.cfbundle; includeInIndex = 0; path = "GitHub Client Tests.xctest"; sourceTree = BUILT_PRODUCTS_DIR; };
		A00BF425249D092400E5B7A0 /* Info.plist */ = {isa = PBXFileReference; lastKnownFileType = text.plist.xml; path = Info.plist; sourceTree = "<group>"; };
		A00BF42C249D113C00E5B7A0 /* ServiceManager.swift */ = {isa = PBXFileReference; lastKnownFileType = sourcecode.swift; path = ServiceManager.swift; sourceTree = "<group>"; };
		A00BF42F249D122200E5B7A0 /* GitHubService.swift */ = {isa = PBXFileReference; lastKnownFileType = sourcecode.swift; path = GitHubService.swift; sourceTree = "<group>"; };
		A00BF431249D136000E5B7A0 /* Repository.swift */ = {isa = PBXFileReference; lastKnownFileType = sourcecode.swift; path = Repository.swift; sourceTree = "<group>"; };
		A00BF435249D13BB00E5B7A0 /* Repository.swift */ = {isa = PBXFileReference; lastKnownFileType = sourcecode.swift; path = Repository.swift; sourceTree = "<group>"; };
		A00BF437249E2C5700E5B7A0 /* AIHTTP.swift */ = {isa = PBXFileReference; lastKnownFileType = sourcecode.swift; path = AIHTTP.swift; sourceTree = "<group>"; };
		A00BF43A249E2CFD00E5B7A0 /* AIHTTP.swift */ = {isa = PBXFileReference; lastKnownFileType = sourcecode.swift; path = AIHTTP.swift; sourceTree = "<group>"; };
		A00BF43C249F5BFC00E5B7A0 /* Observable.swift */ = {isa = PBXFileReference; lastKnownFileType = sourcecode.swift; path = Observable.swift; sourceTree = "<group>"; };
		A00BF43E249F5CB200E5B7A0 /* RepositoryCellViewModel.swift */ = {isa = PBXFileReference; lastKnownFileType = sourcecode.swift; path = RepositoryCellViewModel.swift; sourceTree = "<group>"; };
		A0F23DA0249F894400358E74 /* RepositoryPropertyView.swift */ = {isa = PBXFileReference; lastKnownFileType = sourcecode.swift; path = RepositoryPropertyView.swift; sourceTree = "<group>"; };
		A0F23DA2249F8A6D00358E74 /* RepositoryPropertyView.xib */ = {isa = PBXFileReference; lastKnownFileType = file.xib; path = RepositoryPropertyView.xib; sourceTree = "<group>"; };
		A0F23DA4249F8E1300358E74 /* RepositoryPropertyViewModel.swift */ = {isa = PBXFileReference; lastKnownFileType = sourcecode.swift; name = RepositoryPropertyViewModel.swift; path = "GitHub Client/ViewModel/RepositoryPropertyViewModel.swift"; sourceTree = SOURCE_ROOT; };
		A0F23DA7249F8E4200358E74 /* RepositoryCellViewModel.swift */ = {isa = PBXFileReference; lastKnownFileType = sourcecode.swift; path = RepositoryCellViewModel.swift; sourceTree = "<group>"; };
		A0F23DA9249F8E6C00358E74 /* RepositoryPropertyViewModel.swift */ = {isa = PBXFileReference; lastKnownFileType = sourcecode.swift; path = RepositoryPropertyViewModel.swift; sourceTree = "<group>"; };
/* End PBXFileReference section */

/* Begin PBXFrameworksBuildPhase section */
		A00BF3EE249D06B600E5B7A0 /* Frameworks */ = {
			isa = PBXFrameworksBuildPhase;
			buildActionMask = 2147483647;
			files = (
			);
			runOnlyForDeploymentPostprocessing = 0;
		};
		A00BF41E249D092400E5B7A0 /* Frameworks */ = {
			isa = PBXFrameworksBuildPhase;
			buildActionMask = 2147483647;
			files = (
			);
			runOnlyForDeploymentPostprocessing = 0;
		};
/* End PBXFrameworksBuildPhase section */

/* Begin PBXGroup section */
		3A23DB962510F15B006B75C3 /* Frameworks */ = {
			isa = PBXGroup;
			children = (
				3A23DB972510F15B006B75C3 /* SwiftyJSON.framework */,
			);
			name = Frameworks;
			sourceTree = "<group>";
		};
		A00BF3E8249D06B600E5B7A0 = {
			isa = PBXGroup;
			children = (
				A00BF41B249D08EA00E5B7A0 /* README.md */,
				A00BF419249D08C900E5B7A0 /* .gitignore */,
				3AC3000D251213C300FEBE7D /* .swiftlint.yml */,
				3A23DB942510F103006B75C3 /* Cartfile */,
				A00BF3F3249D06B600E5B7A0 /* GitHub Client */,
				A00BF422249D092400E5B7A0 /* GitHub Client Tests */,
				A00BF3F2249D06B600E5B7A0 /* Products */,
				3A23DB962510F15B006B75C3 /* Frameworks */,
			);
			sourceTree = "<group>";
		};
		A00BF3F2249D06B600E5B7A0 /* Products */ = {
			isa = PBXGroup;
			children = (
				A00BF3F1249D06B600E5B7A0 /* GitHub Client.app */,
				A00BF421249D092400E5B7A0 /* GitHub Client Tests.xctest */,
			);
			name = Products;
			sourceTree = "<group>";
		};
		A00BF3F3249D06B600E5B7A0 /* GitHub Client */ = {
			isa = PBXGroup;
			children = (
				A00BF408249D06DE00E5B7A0 /* Application */,
				A00BF40A249D06F000E5B7A0 /* Resource */,
				A00BF409249D06E800E5B7A0 /* Library */,
				A00BF40B249D06F700E5B7A0 /* Service */,
				A00BF40E249D071500E5B7A0 /* Model */,
				A00BF40C249D070200E5B7A0 /* ViewModel */,
				A00BF40D249D070900E5B7A0 /* View */,
				A00BF40F249D072100E5B7A0 /* Controller */,
				A00BF402249D06BC00E5B7A0 /* Info.plist */,
			);
			path = "GitHub Client";
			sourceTree = "<group>";
		};
		A00BF408249D06DE00E5B7A0 /* Application */ = {
			isa = PBXGroup;
			children = (
				A00BF3F4249D06B600E5B7A0 /* AppDelegate.swift */,
				A00BF3F6249D06B600E5B7A0 /* SceneDelegate.swift */,
			);
			path = Application;
			sourceTree = "<group>";
		};
		A00BF409249D06E800E5B7A0 /* Library */ = {
			isa = PBXGroup;
			children = (
				A00BF437249E2C5700E5B7A0 /* AIHTTP.swift */,
				A00BF43C249F5BFC00E5B7A0 /* Observable.swift */,
			);
			path = Library;
			sourceTree = "<group>";
		};
		A00BF40A249D06F000E5B7A0 /* Resource */ = {
			isa = PBXGroup;
			children = (
				A00BF3FD249D06BC00E5B7A0 /* Assets.xcassets */,
			);
			path = Resource;
			sourceTree = "<group>";
		};
		A00BF40B249D06F700E5B7A0 /* Service */ = {
			isa = PBXGroup;
			children = (
				A00BF42C249D113C00E5B7A0 /* ServiceManager.swift */,
				A00BF42E249D120C00E5B7A0 /* GitHub */,
			);
			path = Service;
			sourceTree = "<group>";
		};
		A00BF40C249D070200E5B7A0 /* ViewModel */ = {
			isa = PBXGroup;
			children = (
				A00BF43E249F5CB200E5B7A0 /* RepositoryCellViewModel.swift */,
				A0F23DA4249F8E1300358E74 /* RepositoryPropertyViewModel.swift */,
			);
			path = ViewModel;
			sourceTree = "<group>";
		};
		A00BF40D249D070900E5B7A0 /* View */ = {
			isa = PBXGroup;
			children = (
				A00BF3FF249D06BC00E5B7A0 /* LaunchScreen.storyboard */,
				A00BF3FA249D06B600E5B7A0 /* Main.storyboard */,
				A00BF415249D084800E5B7A0 /* RepositoryTableViewCell.swift */,
				A0F23DA2249F8A6D00358E74 /* RepositoryPropertyView.xib */,
				A0F23DA0249F894400358E74 /* RepositoryPropertyView.swift */,
			);
			path = View;
			sourceTree = "<group>";
		};
		A00BF40E249D071500E5B7A0 /* Model */ = {
			isa = PBXGroup;
			children = (
				3AC3000A2511FB2400FEBE7D /* GitHubResponse.swift */,
				A00BF431249D136000E5B7A0 /* Repository.swift */,
			);
			path = Model;
			sourceTree = "<group>";
		};
		A00BF40F249D072100E5B7A0 /* Controller */ = {
			isa = PBXGroup;
			children = (
				A00BF410249D076400E5B7A0 /* RepositoryListViewController.swift */,
				A00BF413249D077900E5B7A0 /* RepositoryViewController.swift */,
			);
			path = Controller;
			sourceTree = "<group>";
		};
		A00BF422249D092400E5B7A0 /* GitHub Client Tests */ = {
			isa = PBXGroup;
			children = (
				A00BF439249E2CEC00E5B7A0 /* Library */,
				A00BF433249D13AE00E5B7A0 /* Model */,
				A0F23DA6249F8E2F00358E74 /* ViewModel */,
				A00BF425249D092400E5B7A0 /* Info.plist */,
			);
			path = "GitHub Client Tests";
			sourceTree = "<group>";
		};
		A00BF42E249D120C00E5B7A0 /* GitHub */ = {
			isa = PBXGroup;
			children = (
				A00BF42F249D122200E5B7A0 /* GitHubService.swift */,
			);
			path = GitHub;
			sourceTree = "<group>";
		};
		A00BF433249D13AE00E5B7A0 /* Model */ = {
			isa = PBXGroup;
			children = (
				A00BF435249D13BB00E5B7A0 /* Repository.swift */,
			);
			path = Model;
			sourceTree = "<group>";
		};
		A00BF439249E2CEC00E5B7A0 /* Library */ = {
			isa = PBXGroup;
			children = (
				A00BF43A249E2CFD00E5B7A0 /* AIHTTP.swift */,
			);
			path = Library;
			sourceTree = "<group>";
		};
		A0F23DA6249F8E2F00358E74 /* ViewModel */ = {
			isa = PBXGroup;
			children = (
				A0F23DA7249F8E4200358E74 /* RepositoryCellViewModel.swift */,
				A0F23DA9249F8E6C00358E74 /* RepositoryPropertyViewModel.swift */,
			);
			path = ViewModel;
			sourceTree = "<group>";
		};
/* End PBXGroup section */

/* Begin PBXNativeTarget section */
		A00BF3F0249D06B600E5B7A0 /* GitHub Client */ = {
			isa = PBXNativeTarget;
			buildConfigurationList = A00BF405249D06BC00E5B7A0 /* Build configuration list for PBXNativeTarget "GitHub Client" */;
			buildPhases = (
				A00BF3ED249D06B600E5B7A0 /* Sources */,
				A00BF3EE249D06B600E5B7A0 /* Frameworks */,
				A00BF3EF249D06B600E5B7A0 /* Resources */,
				3A23DB9B2510F940006B75C3 /* Carthage */,
				3AC3000C2512137900FEBE7D /* SwiftLint */,
			);
			buildRules = (
			);
			dependencies = (
			);
			name = "GitHub Client";
			productName = "GitHub Client";
			productReference = A00BF3F1249D06B600E5B7A0 /* GitHub Client.app */;
			productType = "com.apple.product-type.application";
		};
		A00BF420249D092400E5B7A0 /* GitHub Client Tests */ = {
			isa = PBXNativeTarget;
			buildConfigurationList = A00BF428249D092400E5B7A0 /* Build configuration list for PBXNativeTarget "GitHub Client Tests" */;
			buildPhases = (
				A00BF41D249D092400E5B7A0 /* Sources */,
				A00BF41E249D092400E5B7A0 /* Frameworks */,
				A00BF41F249D092400E5B7A0 /* Resources */,
			);
			buildRules = (
			);
			dependencies = (
				A00BF427249D092400E5B7A0 /* PBXTargetDependency */,
			);
			name = "GitHub Client Tests";
			productName = "GitHub Client Tests";
			productReference = A00BF421249D092400E5B7A0 /* GitHub Client Tests.xctest */;
			productType = "com.apple.product-type.bundle.unit-test";
		};
/* End PBXNativeTarget section */

/* Begin PBXProject section */
		A00BF3E9249D06B600E5B7A0 /* Project object */ = {
			isa = PBXProject;
			attributes = {
				LastSwiftUpdateCheck = 1140;
				LastUpgradeCheck = 1140;
				ORGANIZATIONNAME = "Adrian Ilie";
				TargetAttributes = {
					A00BF3F0249D06B600E5B7A0 = {
						CreatedOnToolsVersion = 11.4.1;
					};
					A00BF420249D092400E5B7A0 = {
						CreatedOnToolsVersion = 11.4.1;
						LastSwiftMigration = 1140;
						TestTargetID = A00BF3F0249D06B600E5B7A0;
					};
				};
			};
			buildConfigurationList = A00BF3EC249D06B600E5B7A0 /* Build configuration list for PBXProject "GitHub Client" */;
			compatibilityVersion = "Xcode 9.3";
			developmentRegion = en;
			hasScannedForEncodings = 0;
			knownRegions = (
				en,
				Base,
			);
			mainGroup = A00BF3E8249D06B600E5B7A0;
			productRefGroup = A00BF3F2249D06B600E5B7A0 /* Products */;
			projectDirPath = "";
			projectRoot = "";
			targets = (
				A00BF3F0249D06B600E5B7A0 /* GitHub Client */,
				A00BF420249D092400E5B7A0 /* GitHub Client Tests */,
			);
		};
/* End PBXProject section */

/* Begin PBXResourcesBuildPhase section */
		A00BF3EF249D06B600E5B7A0 /* Resources */ = {
			isa = PBXResourcesBuildPhase;
			buildActionMask = 2147483647;
			files = (
				3AC3000E251213C300FEBE7D /* .swiftlint.yml in Resources */,
				A00BF41C249D08EA00E5B7A0 /* README.md in Resources */,
				A00BF41A249D08C900E5B7A0 /* .gitignore in Resources */,
				3A23DB952510F103006B75C3 /* Cartfile in Resources */,
				A00BF401249D06BC00E5B7A0 /* LaunchScreen.storyboard in Resources */,
				A0F23DA3249F8A6D00358E74 /* RepositoryPropertyView.xib in Resources */,
				A00BF3FE249D06BC00E5B7A0 /* Assets.xcassets in Resources */,
				A00BF3FC249D06B600E5B7A0 /* Main.storyboard in Resources */,
			);
			runOnlyForDeploymentPostprocessing = 0;
		};
		A00BF41F249D092400E5B7A0 /* Resources */ = {
			isa = PBXResourcesBuildPhase;
			buildActionMask = 2147483647;
			files = (
			);
			runOnlyForDeploymentPostprocessing = 0;
		};
/* End PBXResourcesBuildPhase section */

/* Begin PBXShellScriptBuildPhase section */
		3A23DB9B2510F940006B75C3 /* Carthage */ = {
			isa = PBXShellScriptBuildPhase;
			buildActionMask = 2147483647;
			files = (
			);
			inputFileListPaths = (
			);
			inputPaths = (
			);
			name = Carthage;
			outputFileListPaths = (
			);
			outputPaths = (
			);
			runOnlyForDeploymentPostprocessing = 0;
			shellPath = /bin/sh;
			shellScript = "/usr/local/bin/carthage copy-frameworks\n";
		};
		3AC3000C2512137900FEBE7D /* SwiftLint */ = {
			isa = PBXShellScriptBuildPhase;
			buildActionMask = 2147483647;
			files = (
			);
			inputFileListPaths = (
			);
			inputPaths = (
			);
			name = SwiftLint;
			outputFileListPaths = (
			);
			outputPaths = (
			);
			runOnlyForDeploymentPostprocessing = 0;
			shellPath = /bin/sh;
			shellScript = "if which swiftlint >/dev/null; then\n  swiftlint\nelse\n    echo \"warning: SwiftLint not installed, download from https://github.com/realm/SwiftLint\"\nfi\n";
		};
/* End PBXShellScriptBuildPhase section */

/* Begin PBXSourcesBuildPhase section */
		A00BF3ED249D06B600E5B7A0 /* Sources */ = {
			isa = PBXSourcesBuildPhase;
			buildActionMask = 2147483647;
			files = (
				A00BF414249D077900E5B7A0 /* RepositoryViewController.swift in Sources */,
				A00BF3F5249D06B600E5B7A0 /* AppDelegate.swift in Sources */,
				A00BF438249E2C5700E5B7A0 /* AIHTTP.swift in Sources */,
				A0F23DA5249F8E1300358E74 /* RepositoryPropertyViewModel.swift in Sources */,
				A0F23DA1249F894400358E74 /* RepositoryPropertyView.swift in Sources */,
				A00BF3F7249D06B600E5B7A0 /* SceneDelegate.swift in Sources */,
				A00BF432249D136000E5B7A0 /* Repository.swift in Sources */,
				A00BF416249D084800E5B7A0 /* RepositoryTableViewCell.swift in Sources */,
				A00BF43D249F5BFC00E5B7A0 /* Observable.swift in Sources */,
				A00BF43F249F5CB200E5B7A0 /* RepositoryCellViewModel.swift in Sources */,
				A00BF411249D076400E5B7A0 /* RepositoryListViewController.swift in Sources */,
				A00BF42D249D113C00E5B7A0 /* ServiceManager.swift in Sources */,
				A00BF430249D122200E5B7A0 /* GitHubService.swift in Sources */,
				3AC3000B2511FB2400FEBE7D /* GitHubResponse.swift in Sources */,
			);
			runOnlyForDeploymentPostprocessing = 0;
		};
		A00BF41D249D092400E5B7A0 /* Sources */ = {
			isa = PBXSourcesBuildPhase;
			buildActionMask = 2147483647;
			files = (
				A00BF436249D13BB00E5B7A0 /* Repository.swift in Sources */,
				A0F23DA8249F8E4200358E74 /* RepositoryCellViewModel.swift in Sources */,
				A00BF43B249E2CFD00E5B7A0 /* AIHTTP.swift in Sources */,
				A0F23DAA249F8E6C00358E74 /* RepositoryPropertyViewModel.swift in Sources */,
			);
			runOnlyForDeploymentPostprocessing = 0;
		};
/* End PBXSourcesBuildPhase section */

/* Begin PBXTargetDependency section */
		A00BF427249D092400E5B7A0 /* PBXTargetDependency */ = {
			isa = PBXTargetDependency;
			target = A00BF3F0249D06B600E5B7A0 /* GitHub Client */;
			targetProxy = A00BF426249D092400E5B7A0 /* PBXContainerItemProxy */;
		};
/* End PBXTargetDependency section */

/* Begin PBXVariantGroup section */
		A00BF3FA249D06B600E5B7A0 /* Main.storyboard */ = {
			isa = PBXVariantGroup;
			children = (
				A00BF3FB249D06B600E5B7A0 /* Base */,
			);
			name = Main.storyboard;
			sourceTree = "<group>";
		};
		A00BF3FF249D06BC00E5B7A0 /* LaunchScreen.storyboard */ = {
			isa = PBXVariantGroup;
			children = (
				A00BF400249D06BC00E5B7A0 /* Base */,
			);
			name = LaunchScreen.storyboard;
			sourceTree = "<group>";
		};
/* End PBXVariantGroup section */

/* Begin XCBuildConfiguration section */
		A00BF403249D06BC00E5B7A0 /* Debug */ = {
			isa = XCBuildConfiguration;
			buildSettings = {
				ALWAYS_SEARCH_USER_PATHS = NO;
				CLANG_ANALYZER_NONNULL = YES;
				CLANG_ANALYZER_NUMBER_OBJECT_CONVERSION = YES_AGGRESSIVE;
				CLANG_CXX_LANGUAGE_STANDARD = "gnu++14";
				CLANG_CXX_LIBRARY = "libc++";
				CLANG_ENABLE_MODULES = YES;
				CLANG_ENABLE_OBJC_ARC = YES;
				CLANG_ENABLE_OBJC_WEAK = YES;
				CLANG_WARN_BLOCK_CAPTURE_AUTORELEASING = YES;
				CLANG_WARN_BOOL_CONVERSION = YES;
				CLANG_WARN_COMMA = YES;
				CLANG_WARN_CONSTANT_CONVERSION = YES;
				CLANG_WARN_DEPRECATED_OBJC_IMPLEMENTATIONS = YES;
				CLANG_WARN_DIRECT_OBJC_ISA_USAGE = YES_ERROR;
				CLANG_WARN_DOCUMENTATION_COMMENTS = YES;
				CLANG_WARN_EMPTY_BODY = YES;
				CLANG_WARN_ENUM_CONVERSION = YES;
				CLANG_WARN_INFINITE_RECURSION = YES;
				CLANG_WARN_INT_CONVERSION = YES;
				CLANG_WARN_NON_LITERAL_NULL_CONVERSION = YES;
				CLANG_WARN_OBJC_IMPLICIT_RETAIN_SELF = YES;
				CLANG_WARN_OBJC_LITERAL_CONVERSION = YES;
				CLANG_WARN_OBJC_ROOT_CLASS = YES_ERROR;
				CLANG_WARN_RANGE_LOOP_ANALYSIS = YES;
				CLANG_WARN_STRICT_PROTOTYPES = YES;
				CLANG_WARN_SUSPICIOUS_MOVE = YES;
				CLANG_WARN_UNGUARDED_AVAILABILITY = YES_AGGRESSIVE;
				CLANG_WARN_UNREACHABLE_CODE = YES;
				CLANG_WARN__DUPLICATE_METHOD_MATCH = YES;
				COPY_PHASE_STRIP = NO;
				DEBUG_INFORMATION_FORMAT = dwarf;
				ENABLE_STRICT_OBJC_MSGSEND = YES;
				ENABLE_TESTABILITY = YES;
				GCC_C_LANGUAGE_STANDARD = gnu11;
				GCC_DYNAMIC_NO_PIC = NO;
				GCC_NO_COMMON_BLOCKS = YES;
				GCC_OPTIMIZATION_LEVEL = 0;
				GCC_PREPROCESSOR_DEFINITIONS = (
					"DEBUG=1",
					"$(inherited)",
				);
				GCC_WARN_64_TO_32_BIT_CONVERSION = YES;
				GCC_WARN_ABOUT_RETURN_TYPE = YES_ERROR;
				GCC_WARN_UNDECLARED_SELECTOR = YES;
				GCC_WARN_UNINITIALIZED_AUTOS = YES_AGGRESSIVE;
				GCC_WARN_UNUSED_FUNCTION = YES;
				GCC_WARN_UNUSED_VARIABLE = YES;
				IPHONEOS_DEPLOYMENT_TARGET = 13.4;
				MTL_ENABLE_DEBUG_INFO = INCLUDE_SOURCE;
				MTL_FAST_MATH = YES;
				ONLY_ACTIVE_ARCH = YES;
				SDKROOT = iphoneos;
				SWIFT_ACTIVE_COMPILATION_CONDITIONS = DEBUG;
				SWIFT_OPTIMIZATION_LEVEL = "-Onone";
			};
			name = Debug;
		};
		A00BF404249D06BC00E5B7A0 /* Release */ = {
			isa = XCBuildConfiguration;
			buildSettings = {
				ALWAYS_SEARCH_USER_PATHS = NO;
				CLANG_ANALYZER_NONNULL = YES;
				CLANG_ANALYZER_NUMBER_OBJECT_CONVERSION = YES_AGGRESSIVE;
				CLANG_CXX_LANGUAGE_STANDARD = "gnu++14";
				CLANG_CXX_LIBRARY = "libc++";
				CLANG_ENABLE_MODULES = YES;
				CLANG_ENABLE_OBJC_ARC = YES;
				CLANG_ENABLE_OBJC_WEAK = YES;
				CLANG_WARN_BLOCK_CAPTURE_AUTORELEASING = YES;
				CLANG_WARN_BOOL_CONVERSION = YES;
				CLANG_WARN_COMMA = YES;
				CLANG_WARN_CONSTANT_CONVERSION = YES;
				CLANG_WARN_DEPRECATED_OBJC_IMPLEMENTATIONS = YES;
				CLANG_WARN_DIRECT_OBJC_ISA_USAGE = YES_ERROR;
				CLANG_WARN_DOCUMENTATION_COMMENTS = YES;
				CLANG_WARN_EMPTY_BODY = YES;
				CLANG_WARN_ENUM_CONVERSION = YES;
				CLANG_WARN_INFINITE_RECURSION = YES;
				CLANG_WARN_INT_CONVERSION = YES;
				CLANG_WARN_NON_LITERAL_NULL_CONVERSION = YES;
				CLANG_WARN_OBJC_IMPLICIT_RETAIN_SELF = YES;
				CLANG_WARN_OBJC_LITERAL_CONVERSION = YES;
				CLANG_WARN_OBJC_ROOT_CLASS = YES_ERROR;
				CLANG_WARN_RANGE_LOOP_ANALYSIS = YES;
				CLANG_WARN_STRICT_PROTOTYPES = YES;
				CLANG_WARN_SUSPICIOUS_MOVE = YES;
				CLANG_WARN_UNGUARDED_AVAILABILITY = YES_AGGRESSIVE;
				CLANG_WARN_UNREACHABLE_CODE = YES;
				CLANG_WARN__DUPLICATE_METHOD_MATCH = YES;
				COPY_PHASE_STRIP = NO;
				DEBUG_INFORMATION_FORMAT = "dwarf-with-dsym";
				ENABLE_NS_ASSERTIONS = NO;
				ENABLE_STRICT_OBJC_MSGSEND = YES;
				GCC_C_LANGUAGE_STANDARD = gnu11;
				GCC_NO_COMMON_BLOCKS = YES;
				GCC_WARN_64_TO_32_BIT_CONVERSION = YES;
				GCC_WARN_ABOUT_RETURN_TYPE = YES_ERROR;
				GCC_WARN_UNDECLARED_SELECTOR = YES;
				GCC_WARN_UNINITIALIZED_AUTOS = YES_AGGRESSIVE;
				GCC_WARN_UNUSED_FUNCTION = YES;
				GCC_WARN_UNUSED_VARIABLE = YES;
				IPHONEOS_DEPLOYMENT_TARGET = 13.4;
				MTL_ENABLE_DEBUG_INFO = NO;
				MTL_FAST_MATH = YES;
				SDKROOT = iphoneos;
				SWIFT_COMPILATION_MODE = wholemodule;
				SWIFT_OPTIMIZATION_LEVEL = "-O";
				VALIDATE_PRODUCT = YES;
			};
			name = Release;
		};
		A00BF406249D06BC00E5B7A0 /* Debug */ = {
			isa = XCBuildConfiguration;
			buildSettings = {
				ASSETCATALOG_COMPILER_APPICON_NAME = AppIcon;
				CODE_SIGN_IDENTITY = "iPhone Developer";
				CODE_SIGN_STYLE = Manual;
				DEVELOPMENT_TEAM = 8ZC64DV744;
				FRAMEWORK_SEARCH_PATHS = (
					"$(inherited)",
					"$(PROJECT_DIR)/Carthage/Build/iOS",
				);
				INFOPLIST_FILE = "GitHub Client/Info.plist";
				IPHONEOS_DEPLOYMENT_TARGET = 13.0;
				LD_RUNPATH_SEARCH_PATHS = (
					"$(inherited)",
					"@executable_path/Frameworks",
				);
				PRODUCT_BUNDLE_IDENTIFIER = "com.adrianilie.GitHub-Client";
				PRODUCT_NAME = "$(TARGET_NAME)";
				PROVISIONING_PROFILE_SPECIFIER = "Wildcard COM (Dev)";
				SWIFT_VERSION = 5.0;
				TARGETED_DEVICE_FAMILY = "1,2";
			};
			name = Debug;
		};
		A00BF407249D06BC00E5B7A0 /* Release */ = {
			isa = XCBuildConfiguration;
			buildSettings = {
				ASSETCATALOG_COMPILER_APPICON_NAME = AppIcon;
				CODE_SIGN_IDENTITY = "iPhone Developer";
				CODE_SIGN_STYLE = Manual;
				DEVELOPMENT_TEAM = 8ZC64DV744;
				FRAMEWORK_SEARCH_PATHS = (
					"$(inherited)",
					"$(PROJECT_DIR)/Carthage/Build/iOS",
				);
				INFOPLIST_FILE = "GitHub Client/Info.plist";
				IPHONEOS_DEPLOYMENT_TARGET = 13.0;
				LD_RUNPATH_SEARCH_PATHS = (
					"$(inherited)",
					"@executable_path/Frameworks",
				);
				PRODUCT_BUNDLE_IDENTIFIER = "com.adrianilie.GitHub-Client";
				PRODUCT_NAME = "$(TARGET_NAME)";
				PROVISIONING_PROFILE_SPECIFIER = "Wildcard COM (Dev)";
				SWIFT_VERSION = 5.0;
				TARGETED_DEVICE_FAMILY = "1,2";
			};
			name = Release;
		};
		A00BF429249D092400E5B7A0 /* Debug */ = {
			isa = XCBuildConfiguration;
			buildSettings = {
				BUNDLE_LOADER = "$(TEST_HOST)";
				CLANG_ENABLE_MODULES = YES;
				CODE_SIGN_STYLE = Manual;
				DEVELOPMENT_TEAM = "";
				INFOPLIST_FILE = "GitHub Client Tests/Info.plist";
				IPHONEOS_DEPLOYMENT_TARGET = 13.0;
				LD_RUNPATH_SEARCH_PATHS = (
					"$(inherited)",
					"@executable_path/Frameworks",
					"@loader_path/Frameworks",
				);
				PRODUCT_BUNDLE_IDENTIFIER = "com.adrianilie.GitHub-Client-Tests";
				PRODUCT_NAME = "$(TARGET_NAME)";
				PROVISIONING_PROFILE_SPECIFIER = "";
				"PROVISIONING_PROFILE_SPECIFIER[sdk=macosx*]" = "";
				SWIFT_OBJC_BRIDGING_HEADER = "";
				SWIFT_OPTIMIZATION_LEVEL = "-Onone";
				SWIFT_VERSION = 5.0;
				TARGETED_DEVICE_FAMILY = "1,2";
				TEST_HOST = "$(BUILT_PRODUCTS_DIR)/GitHub Client.app/GitHub Client";
			};
			name = Debug;
		};
		A00BF42A249D092400E5B7A0 /* Release */ = {
			isa = XCBuildConfiguration;
			buildSettings = {
				BUNDLE_LOADER = "$(TEST_HOST)";
				CLANG_ENABLE_MODULES = YES;
				CODE_SIGN_STYLE = Manual;
				DEVELOPMENT_TEAM = "";
				INFOPLIST_FILE = "GitHub Client Tests/Info.plist";
				IPHONEOS_DEPLOYMENT_TARGET = 13.0;
				LD_RUNPATH_SEARCH_PATHS = (
					"$(inherited)",
					"@executable_path/Frameworks",
					"@loader_path/Frameworks",
				);
				PRODUCT_BUNDLE_IDENTIFIER = "com.adrianilie.GitHub-Client-Tests";
				PRODUCT_NAME = "$(TARGET_NAME)";
				PROVISIONING_PROFILE_SPECIFIER = "";
				"PROVISIONING_PROFILE_SPECIFIER[sdk=macosx*]" = "";
				SWIFT_OBJC_BRIDGING_HEADER = "";
				SWIFT_VERSION = 5.0;
				TARGETED_DEVICE_FAMILY = "1,2";
				TEST_HOST = "$(BUILT_PRODUCTS_DIR)/GitHub Client.app/GitHub Client";
			};
			name = Release;
		};
/* End XCBuildConfiguration section */

/* Begin XCConfigurationList section */
		A00BF3EC249D06B600E5B7A0 /* Build configuration list for PBXProject "GitHub Client" */ = {
			isa = XCConfigurationList;
			buildConfigurations = (
				A00BF403249D06BC00E5B7A0 /* Debug */,
				A00BF404249D06BC00E5B7A0 /* Release */,
			);
			defaultConfigurationIsVisible = 0;
			defaultConfigurationName = Release;
		};
		A00BF405249D06BC00E5B7A0 /* Build configuration list for PBXNativeTarget "GitHub Client" */ = {
			isa = XCConfigurationList;
			buildConfigurations = (
				A00BF406249D06BC00E5B7A0 /* Debug */,
				A00BF407249D06BC00E5B7A0 /* Release */,
			);
			defaultConfigurationIsVisible = 0;
			defaultConfigurationName = Release;
		};
		A00BF428249D092400E5B7A0 /* Build configuration list for PBXNativeTarget "GitHub Client Tests" */ = {
			isa = XCConfigurationList;
			buildConfigurations = (
				A00BF429249D092400E5B7A0 /* Debug */,
				A00BF42A249D092400E5B7A0 /* Release */,
			);
			defaultConfigurationIsVisible = 0;
			defaultConfigurationName = Release;
		};
/* End XCConfigurationList section */
	};
	rootObject = A00BF3E9249D06B600E5B7A0 /* Project object */;
}
